
Microsoft Visual Studio Solution File, Format Version 12.00
# Visual Studio Version 16
VisualStudioVersion = 16.0.30717.126
MinimumVisualStudioVersion = 10.0.40219.1
Project("{FAE04EC0-301F-11D3-BF4B-00C04F79EFBC}") = "BPM-Project", "DemoBPM\BPM-Project.csproj", "{F45C9CAE-B5C5-4103-A0A5-42758C98EE81}"
EndProject
Global
	GlobalSection(SolutionConfigurationPlatforms) = preSolution
		Debug|Any CPU = Debug|Any CPU
		Release|Any CPU = Release|Any CPU
	EndGlobalSection
	GlobalSection(ProjectConfigurationPlatforms) = postSolution
		{F45C9CAE-B5C5-4103-A0A5-42758C98EE81}.Debug|Any CPU.ActiveCfg = Debug|Any CPU
		{F45C9CAE-B5C5-4103-A0A5-42758C98EE81}.Debug|Any CPU.Build.0 = Debug|Any CPU
		{F45C9CAE-B5C5-4103-A0A5-42758C98EE81}.Release|Any CPU.ActiveCfg = Release|Any CPU
		{F45C9CAE-B5C5-4103-A0A5-42758C98EE81}.Release|Any CPU.Build.0 = Release|Any CPU
	EndGlobalSection
	GlobalSection(SolutionProperties) = preSolution
		HideSolutionNode = FALSE
	EndGlobalSection
	GlobalSection(ExtensibilityGlobals) = postSolution
		SolutionGuid = {1B0A74A3-7CAC-44A9-A49A-4869FF010C1D}
	EndGlobalSection
EndGlobal
